
Microsoft Visual Studio Solution File, Format Version 12.00
# Visual Studio 15
VisualStudioVersion = 15.0.27130.2010
MinimumVisualStudioVersion = 10.0.40219.1
Project("{FAE04EC0-301F-11D3-BF4B-00C04F79EFBC}") = "Передача файлов - клиент", "Доступность сервера - клиент\Передача файлов - клиент.csproj", "{CDCE7EB0-3D93-4DDE-9B6C-A9E5A8994A76}"
EndProject
Global
	GlobalSection(SolutionConfigurationPlatforms) = preSolution
		Debug|Any CPU = Debug|Any CPU
		Release|Any CPU = Release|Any CPU
	EndGlobalSection
	GlobalSection(ProjectConfigurationPlatforms) = postSolution
		{CDCE7EB0-3D93-4DDE-9B6C-A9E5A8994A76}.Debug|Any CPU.ActiveCfg = Debug|Any CPU
		{CDCE7EB0-3D93-4DDE-9B6C-A9E5A8994A76}.Debug|Any CPU.Build.0 = Debug|Any CPU
		{CDCE7EB0-3D93-4DDE-9B6C-A9E5A8994A76}.Release|Any CPU.ActiveCfg = Release|Any CPU
		{CDCE7EB0-3D93-4DDE-9B6C-A9E5A8994A76}.Release|Any CPU.Build.0 = Release|Any CPU
	EndGlobalSection
	GlobalSection(SolutionProperties) = preSolution
		HideSolutionNode = FALSE
	EndGlobalSection
	GlobalSection(ExtensibilityGlobals) = postSolution
		SolutionGuid = {C4E4256C-CCC6-4E46-B3CC-E2FD1C4024A9}
	EndGlobalSection
EndGlobal
